// !$*UTF8*$!
{
	archiveVersion = 1;
	classes = {
	};
	objectVersion = 50;
	objects = {

/* Begin PBXBuildFile section */
		25E153BD23F3327500692386 /* AppDelegate.swift in Sources */ = {isa = PBXBuildFile; fileRef = 25E153BC23F3327500692386 /* AppDelegate.swift */; };
		25E153BF23F3327500692386 /* SceneDelegate.swift in Sources */ = {isa = PBXBuildFile; fileRef = 25E153BE23F3327500692386 /* SceneDelegate.swift */; };
		25E153C123F3327500692386 /* ViewController.swift in Sources */ = {isa = PBXBuildFile; fileRef = 25E153C023F3327500692386 /* ViewController.swift */; };
		25E153C423F3327500692386 /* Main.storyboard in Resources */ = {isa = PBXBuildFile; fileRef = 25E153C223F3327500692386 /* Main.storyboard */; };
		25E153C623F3327700692386 /* Assets.xcassets in Resources */ = {isa = PBXBuildFile; fileRef = 25E153C523F3327700692386 /* Assets.xcassets */; };
		25E153C923F3327700692386 /* LaunchScreen.storyboard in Resources */ = {isa = PBXBuildFile; fileRef = 25E153C723F3327700692386 /* LaunchScreen.storyboard */; };
		25E153D323F349CC00692386 /* Place.swift in Sources */ = {isa = PBXBuildFile; fileRef = 25E153D223F349CC00692386 /* Place.swift */; };
		25E153D523F34A2700692386 /* PlaceMakerView.swift in Sources */ = {isa = PBXBuildFile; fileRef = 25E153D423F34A2700692386 /* PlaceMakerView.swift */; };
		25E153D723F34B4300692386 /* DataManager.swift in Sources */ = {isa = PBXBuildFile; fileRef = 25E153D623F34B4300692386 /* DataManager.swift */; };
		25E153DB23F3519A00692386 /* PlacesFavoritesDelegate.swift in Sources */ = {isa = PBXBuildFile; fileRef = 25E153DA23F3519A00692386 /* PlacesFavoritesDelegate.swift */; };
		25E153DD23F356D500692386 /* AnnotationData.swift in Sources */ = {isa = PBXBuildFile; fileRef = 25E153DC23F356D500692386 /* AnnotationData.swift */; };
		25E153DF23F35B1B00692386 /* Data.plist in Resources */ = {isa = PBXBuildFile; fileRef = 25E153DE23F35B1B00692386 /* Data.plist */; };
		25E153E323F370DB00692386 /* FavoritesViewController.swift in Sources */ = {isa = PBXBuildFile; fileRef = 25E153E223F370DB00692386 /* FavoritesViewController.swift */; };
/* End PBXBuildFile section */

/* Begin PBXFileReference section */
		25E153B923F3327500692386 /* assignment5.app */ = {isa = PBXFileReference; explicitFileType = wrapper.application; includeInIndex = 0; path = assignment5.app; sourceTree = BUILT_PRODUCTS_DIR; };
		25E153BC23F3327500692386 /* AppDelegate.swift */ = {isa = PBXFileReference; lastKnownFileType = sourcecode.swift; path = AppDelegate.swift; sourceTree = "<group>"; };
		25E153BE23F3327500692386 /* SceneDelegate.swift */ = {isa = PBXFileReference; lastKnownFileType = sourcecode.swift; path = SceneDelegate.swift; sourceTree = "<group>"; };
		25E153C023F3327500692386 /* ViewController.swift */ = {isa = PBXFileReference; lastKnownFileType = sourcecode.swift; path = ViewController.swift; sourceTree = "<group>"; };
		25E153C323F3327500692386 /* Base */ = {isa = PBXFileReference; lastKnownFileType = file.storyboard; name = Base; path = Base.lproj/Main.storyboard; sourceTree = "<group>"; };
		25E153C523F3327700692386 /* Assets.xcassets */ = {isa = PBXFileReference; lastKnownFileType = folder.assetcatalog; path = Assets.xcassets; sourceTree = "<group>"; };
		25E153C823F3327700692386 /* Base */ = {isa = PBXFileReference; lastKnownFileType = file.storyboard; name = Base; path = Base.lproj/LaunchScreen.storyboard; sourceTree = "<group>"; };
		25E153CA23F3327700692386 /* Info.plist */ = {isa = PBXFileReference; lastKnownFileType = text.plist.xml; path = Info.plist; sourceTree = "<group>"; };
		25E153D223F349CC00692386 /* Place.swift */ = {isa = PBXFileReference; lastKnownFileType = sourcecode.swift; path = Place.swift; sourceTree = "<group>"; };
		25E153D423F34A2700692386 /* PlaceMakerView.swift */ = {isa = PBXFileReference; lastKnownFileType = sourcecode.swift; path = PlaceMakerView.swift; sourceTree = "<group>"; };
		25E153D623F34B4300692386 /* DataManager.swift */ = {isa = PBXFileReference; lastKnownFileType = sourcecode.swift; path = DataManager.swift; sourceTree = "<group>"; };
		25E153DA23F3519A00692386 /* PlacesFavoritesDelegate.swift */ = {isa = PBXFileReference; lastKnownFileType = sourcecode.swift; path = PlacesFavoritesDelegate.swift; sourceTree = "<group>"; };
		25E153DC23F356D500692386 /* AnnotationData.swift */ = {isa = PBXFileReference; lastKnownFileType = sourcecode.swift; path = AnnotationData.swift; sourceTree = "<group>"; };
		25E153DE23F35B1B00692386 /* Data.plist */ = {isa = PBXFileReference; fileEncoding = 4; lastKnownFileType = text.plist.xml; path = Data.plist; sourceTree = "<group>"; };
		25E153E223F370DB00692386 /* FavoritesViewController.swift */ = {isa = PBXFileReference; lastKnownFileType = sourcecode.swift; path = FavoritesViewController.swift; sourceTree = "<group>"; };
/* End PBXFileReference section */

/* Begin PBXFrameworksBuildPhase section */
		25E153B623F3327500692386 /* Frameworks */ = {
			isa = PBXFrameworksBuildPhase;
			buildActionMask = 2147483647;
			files = (
			);
			runOnlyForDeploymentPostprocessing = 0;
		};
/* End PBXFrameworksBuildPhase section */

/* Begin PBXGroup section */
		25E153B023F3327500692386 = {
			isa = PBXGroup;
			children = (
				25E153BB23F3327500692386 /* assignment5 */,
				25E153BA23F3327500692386 /* Products */,
			);
			sourceTree = "<group>";
		};
		25E153BA23F3327500692386 /* Products */ = {
			isa = PBXGroup;
			children = (
				25E153B923F3327500692386 /* assignment5.app */,
			);
			name = Products;
			sourceTree = "<group>";
		};
		25E153BB23F3327500692386 /* assignment5 */ = {
			isa = PBXGroup;
			children = (
				25E153BC23F3327500692386 /* AppDelegate.swift */,
				25E153BE23F3327500692386 /* SceneDelegate.swift */,
				25E153C023F3327500692386 /* ViewController.swift */,
				25E153D423F34A2700692386 /* PlaceMakerView.swift */,
				25E153E223F370DB00692386 /* FavoritesViewController.swift */,
				25E153DE23F35B1B00692386 /* Data.plist */,
				25E153DA23F3519A00692386 /* PlacesFavoritesDelegate.swift */,
				25E153D623F34B4300692386 /* DataManager.swift */,
				25E153DC23F356D500692386 /* AnnotationData.swift */,
				25E153D223F349CC00692386 /* Place.swift */,
				25E153C223F3327500692386 /* Main.storyboard */,
				25E153C523F3327700692386 /* Assets.xcassets */,
				25E153C723F3327700692386 /* LaunchScreen.storyboard */,
				25E153CA23F3327700692386 /* Info.plist */,
			);
			path = assignment5;
			sourceTree = "<group>";
		};
/* End PBXGroup section */

/* Begin PBXNativeTarget section */
		25E153B823F3327500692386 /* assignment5 */ = {
			isa = PBXNativeTarget;
			buildConfigurationList = 25E153CD23F3327700692386 /* Build configuration list for PBXNativeTarget "assignment5" */;
			buildPhases = (
				25E153B523F3327500692386 /* Sources */,
				25E153B623F3327500692386 /* Frameworks */,
				25E153B723F3327500692386 /* Resources */,
			);
			buildRules = (
			);
			dependencies = (
			);
			name = assignment5;
			productName = assignment5;
			productReference = 25E153B923F3327500692386 /* assignment5.app */;
			productType = "com.apple.product-type.application";
		};
/* End PBXNativeTarget section */

/* Begin PBXProject section */
		25E153B123F3327500692386 /* Project object */ = {
			isa = PBXProject;
			attributes = {
				LastSwiftUpdateCheck = 1130;
				LastUpgradeCheck = 1130;
				ORGANIZATIONNAME = Whisper;
				TargetAttributes = {
					25E153B823F3327500692386 = {
						CreatedOnToolsVersion = 11.3.1;
					};
				};
			};
			buildConfigurationList = 25E153B423F3327500692386 /* Build configuration list for PBXProject "assignment5" */;
			compatibilityVersion = "Xcode 9.3";
			developmentRegion = en;
			hasScannedForEncodings = 0;
			knownRegions = (
				en,
				Base,
			);
			mainGroup = 25E153B023F3327500692386;
			productRefGroup = 25E153BA23F3327500692386 /* Products */;
			projectDirPath = "";
			projectRoot = "";
			targets = (
				25E153B823F3327500692386 /* assignment5 */,
			);
		};
/* End PBXProject section */

/* Begin PBXResourcesBuildPhase section */
		25E153B723F3327500692386 /* Resources */ = {
			isa = PBXResourcesBuildPhase;
			buildActionMask = 2147483647;
			files = (
				25E153C923F3327700692386 /* LaunchScreen.storyboard in Resources */,
				25E153C623F3327700692386 /* Assets.xcassets in Resources */,
				25E153DF23F35B1B00692386 /* Data.plist in Resources */,
				25E153C423F3327500692386 /* Main.storyboard in Resources */,
			);
			runOnlyForDeploymentPostprocessing = 0;
		};
/* End PBXResourcesBuildPhase section */

/* Begin PBXSourcesBuildPhase section */
		25E153B523F3327500692386 /* Sources */ = {
			isa = PBXSourcesBuildPhase;
			buildActionMask = 2147483647;
			files = (
				25E153DD23F356D500692386 /* AnnotationData.swift in Sources */,
				25E153C123F3327500692386 /* ViewController.swift in Sources */,
				25E153DB23F3519A00692386 /* PlacesFavoritesDelegate.swift in Sources */,
				25E153D523F34A2700692386 /* PlaceMakerView.swift in Sources */,
				25E153BD23F3327500692386 /* AppDelegate.swift in Sources */,
				25E153D723F34B4300692386 /* DataManager.swift in Sources */,
				25E153E323F370DB00692386 /* FavoritesViewController.swift in Sources */,
				25E153BF23F3327500692386 /* SceneDelegate.swift in Sources */,
				25E153D323F349CC00692386 /* Place.swift in Sources */,
			);
			runOnlyForDeploymentPostprocessing = 0;
		};
/* End PBXSourcesBuildPhase section */

/* Begin PBXVariantGroup section */
		25E153C223F3327500692386 /* Main.storyboard */ = {
			isa = PBXVariantGroup;
			children = (
				25E153C323F3327500692386 /* Base */,
			);
			name = Main.storyboard;
			sourceTree = "<group>";
		};
		25E153C723F3327700692386 /* LaunchScreen.storyboard */ = {
			isa = PBXVariantGroup;
			children = (
				25E153C823F3327700692386 /* Base */,
			);
			name = LaunchScreen.storyboard;
			sourceTree = "<group>";
		};
/* End PBXVariantGroup section */

/* Begin XCBuildConfiguration section */
		25E153CB23F3327700692386 /* Debug */ = {
			isa = XCBuildConfiguration;
			buildSettings = {
				ALWAYS_SEARCH_USER_PATHS = NO;
				CLANG_ANALYZER_NONNULL = YES;
				CLANG_ANALYZER_NUMBER_OBJECT_CONVERSION = YES_AGGRESSIVE;
				CLANG_CXX_LANGUAGE_STANDARD = "gnu++14";
				CLANG_CXX_LIBRARY = "libc++";
				CLANG_ENABLE_MODULES = YES;
				CLANG_ENABLE_OBJC_ARC = YES;
				CLANG_ENABLE_OBJC_WEAK = YES;
				CLANG_WARN_BLOCK_CAPTURE_AUTORELEASING = YES;
				CLANG_WARN_BOOL_CONVERSION = YES;
				CLANG_WARN_COMMA = YES;
				CLANG_WARN_CONSTANT_CONVERSION = YES;
				CLANG_WARN_DEPRECATED_OBJC_IMPLEMENTATIONS = YES;
				CLANG_WARN_DIRECT_OBJC_ISA_USAGE = YES_ERROR;
				CLANG_WARN_DOCUMENTATION_COMMENTS = YES;
				CLANG_WARN_EMPTY_BODY = YES;
				CLANG_WARN_ENUM_CONVERSION = YES;
				CLANG_WARN_INFINITE_RECURSION = YES;
				CLANG_WARN_INT_CONVERSION = YES;
				CLANG_WARN_NON_LITERAL_NULL_CONVERSION = YES;
				CLANG_WARN_OBJC_IMPLICIT_RETAIN_SELF = YES;
				CLANG_WARN_OBJC_LITERAL_CONVERSION = YES;
				CLANG_WARN_OBJC_ROOT_CLASS = YES_ERROR;
				CLANG_WARN_RANGE_LOOP_ANALYSIS = YES;
				CLANG_WARN_STRICT_PROTOTYPES = YES;
				CLANG_WARN_SUSPICIOUS_MOVE = YES;
				CLANG_WARN_UNGUARDED_AVAILABILITY = YES_AGGRESSIVE;
				CLANG_WARN_UNREACHABLE_CODE = YES;
				CLANG_WARN__DUPLICATE_METHOD_MATCH = YES;
				COPY_PHASE_STRIP = NO;
				DEBUG_INFORMATION_FORMAT = dwarf;
				ENABLE_STRICT_OBJC_MSGSEND = YES;
				ENABLE_TESTABILITY = YES;
				GCC_C_LANGUAGE_STANDARD = gnu11;
				GCC_DYNAMIC_NO_PIC = NO;
				GCC_NO_COMMON_BLOCKS = YES;
				GCC_OPTIMIZATION_LEVEL = 0;
				GCC_PREPROCESSOR_DEFINITIONS = (
					"DEBUG=1",
					"$(inherited)",
				);
				GCC_WARN_64_TO_32_BIT_CONVERSION = YES;
				GCC_WARN_ABOUT_RETURN_TYPE = YES_ERROR;
				GCC_WARN_UNDECLARED_SELECTOR = YES;
				GCC_WARN_UNINITIALIZED_AUTOS = YES_AGGRESSIVE;
				GCC_WARN_UNUSED_FUNCTION = YES;
				GCC_WARN_UNUSED_VARIABLE = YES;
				IPHONEOS_DEPLOYMENT_TARGET = 13.2;
				MTL_ENABLE_DEBUG_INFO = INCLUDE_SOURCE;
				MTL_FAST_MATH = YES;
				ONLY_ACTIVE_ARCH = YES;
				SDKROOT = iphoneos;
				SWIFT_ACTIVE_COMPILATION_CONDITIONS = DEBUG;
				SWIFT_OPTIMIZATION_LEVEL = "-Onone";
			};
			name = Debug;
		};
		25E153CC23F3327700692386 /* Release */ = {
			isa = XCBuildConfiguration;
			buildSettings = {
				ALWAYS_SEARCH_USER_PATHS = NO;
				CLANG_ANALYZER_NONNULL = YES;
				CLANG_ANALYZER_NUMBER_OBJECT_CONVERSION = YES_AGGRESSIVE;
				CLANG_CXX_LANGUAGE_STANDARD = "gnu++14";
				CLANG_CXX_LIBRARY = "libc++";
				CLANG_ENABLE_MODULES = YES;
				CLANG_ENABLE_OBJC_ARC = YES;
				CLANG_ENABLE_OBJC_WEAK = YES;
				CLANG_WARN_BLOCK_CAPTURE_AUTORELEASING = YES;
				CLANG_WARN_BOOL_CONVERSION = YES;
				CLANG_WARN_COMMA = YES;
				CLANG_WARN_CONSTANT_CONVERSION = YES;
				CLANG_WARN_DEPRECATED_OBJC_IMPLEMENTATIONS = YES;
				CLANG_WARN_DIRECT_OBJC_ISA_USAGE = YES_ERROR;
				CLANG_WARN_DOCUMENTATION_COMMENTS = YES;
				CLANG_WARN_EMPTY_BODY = YES;
				CLANG_WARN_ENUM_CONVERSION = YES;
				CLANG_WARN_INFINITE_RECURSION = YES;
				CLANG_WARN_INT_CONVERSION = YES;
				CLANG_WARN_NON_LITERAL_NULL_CONVERSION = YES;
				CLANG_WARN_OBJC_IMPLICIT_RETAIN_SELF = YES;
				CLANG_WARN_OBJC_LITERAL_CONVERSION = YES;
				CLANG_WARN_OBJC_ROOT_CLASS = YES_ERROR;
				CLANG_WARN_RANGE_LOOP_ANALYSIS = YES;
				CLANG_WARN_STRICT_PROTOTYPES = YES;
				CLANG_WARN_SUSPICIOUS_MOVE = YES;
				CLANG_WARN_UNGUARDED_AVAILABILITY = YES_AGGRESSIVE;
				CLANG_WARN_UNREACHABLE_CODE = YES;
				CLANG_WARN__DUPLICATE_METHOD_MATCH = YES;
				COPY_PHASE_STRIP = NO;
				DEBUG_INFORMATION_FORMAT = "dwarf-with-dsym";
				ENABLE_NS_ASSERTIONS = NO;
				ENABLE_STRICT_OBJC_MSGSEND = YES;
				GCC_C_LANGUAGE_STANDARD = gnu11;
				GCC_NO_COMMON_BLOCKS = YES;
				GCC_WARN_64_TO_32_BIT_CONVERSION = YES;
				GCC_WARN_ABOUT_RETURN_TYPE = YES_ERROR;
				GCC_WARN_UNDECLARED_SELECTOR = YES;
				GCC_WARN_UNINITIALIZED_AUTOS = YES_AGGRESSIVE;
				GCC_WARN_UNUSED_FUNCTION = YES;
				GCC_WARN_UNUSED_VARIABLE = YES;
				IPHONEOS_DEPLOYMENT_TARGET = 13.2;
				MTL_ENABLE_DEBUG_INFO = NO;
				MTL_FAST_MATH = YES;
				SDKROOT = iphoneos;
				SWIFT_COMPILATION_MODE = wholemodule;
				SWIFT_OPTIMIZATION_LEVEL = "-O";
				VALIDATE_PRODUCT = YES;
			};
			name = Release;
		};
		25E153CE23F3327700692386 /* Debug */ = {
			isa = XCBuildConfiguration;
			buildSettings = {
				ASSETCATALOG_COMPILER_APPICON_NAME = AppIcon;
				CODE_SIGN_STYLE = Automatic;
				INFOPLIST_FILE = assignment5/Info.plist;
				LD_RUNPATH_SEARCH_PATHS = (
					"$(inherited)",
					"@executable_path/Frameworks",
				);
				PRODUCT_BUNDLE_IDENTIFIER = d.assignment5;
				PRODUCT_NAME = "$(TARGET_NAME)";
				SWIFT_VERSION = 5.0;
				TARGETED_DEVICE_FAMILY = "1,2";
			};
			name = Debug;
		};
		25E153CF23F3327700692386 /* Release */ = {
			isa = XCBuildConfiguration;
			buildSettings = {
				ASSETCATALOG_COMPILER_APPICON_NAME = AppIcon;
				CODE_SIGN_STYLE = Automatic;
				INFOPLIST_FILE = assignment5/Info.plist;
				LD_RUNPATH_SEARCH_PATHS = (
					"$(inherited)",
					"@executable_path/Frameworks",
				);
				PRODUCT_BUNDLE_IDENTIFIER = d.assignment5;
				PRODUCT_NAME = "$(TARGET_NAME)";
				SWIFT_VERSION = 5.0;
				TARGETED_DEVICE_FAMILY = "1,2";
			};
			name = Release;
		};
/* End XCBuildConfiguration section */

/* Begin XCConfigurationList section */
		25E153B423F3327500692386 /* Build configuration list for PBXProject "assignment5" */ = {
			isa = XCConfigurationList;
			buildConfigurations = (
				25E153CB23F3327700692386 /* Debug */,
				25E153CC23F3327700692386 /* Release */,
			);
			defaultConfigurationIsVisible = 0;
			defaultConfigurationName = Release;
		};
		25E153CD23F3327700692386 /* Build configuration list for PBXNativeTarget "assignment5" */ = {
			isa = XCConfigurationList;
			buildConfigurations = (
				25E153CE23F3327700692386 /* Debug */,
				25E153CF23F3327700692386 /* Release */,
			);
			defaultConfigurationIsVisible = 0;
			defaultConfigurationName = Release;
		};
/* End XCConfigurationList section */
	};
	rootObject = 25E153B123F3327500692386 /* Project object */;
}
